// !$*UTF8*$!
{
	archiveVersion = 1;
	classes = {
	};
	objectVersion = 46;
	objects = {

/* Begin PBXBuildFile section */
		7E776952158CEAD300A85901 /* Cocoa.framework in Frameworks */ = {isa = PBXBuildFile; fileRef = 7E776951158CEAD300A85901 /* Cocoa.framework */; };
		7E77695C158CEAD300A85901 /* InfoPlist.strings in Resources */ = {isa = PBXBuildFile; fileRef = 7E77695A158CEAD300A85901 /* InfoPlist.strings */; };
/* End PBXBuildFile section */

/* Begin PBXFileReference section */
		7E776940158CEA9100A85901 /* .gitignore */ = {isa = PBXFileReference; lastKnownFileType = text; path = .gitignore; sourceTree = "<group>"; };
		7E776949158CEA9100A85901 /* README.md */ = {isa = PBXFileReference; lastKnownFileType = text; path = README.md; sourceTree = "<group>"; };
		7E77694E158CEAD300A85901 /* iGuardTest.bundle */ = {isa = PBXFileReference; explicitFileType = wrapper.cfbundle; includeInIndex = 0; path = iGuardTest.bundle; sourceTree = BUILT_PRODUCTS_DIR; };
		7E776951158CEAD300A85901 /* Cocoa.framework */ = {isa = PBXFileReference; lastKnownFileType = wrapper.framework; name = Cocoa.framework; path = System/Library/Frameworks/Cocoa.framework; sourceTree = SDKROOT; };
		7E776954158CEAD300A85901 /* AppKit.framework */ = {isa = PBXFileReference; lastKnownFileType = wrapper.framework; name = AppKit.framework; path = System/Library/Frameworks/AppKit.framework; sourceTree = SDKROOT; };
		7E776955158CEAD300A85901 /* CoreData.framework */ = {isa = PBXFileReference; lastKnownFileType = wrapper.framework; name = CoreData.framework; path = System/Library/Frameworks/CoreData.framework; sourceTree = SDKROOT; };
		7E776956158CEAD300A85901 /* Foundation.framework */ = {isa = PBXFileReference; lastKnownFileType = wrapper.framework; name = Foundation.framework; path = System/Library/Frameworks/Foundation.framework; sourceTree = SDKROOT; };
		7E776959158CEAD300A85901 /* iGuardTest-Info.plist */ = {isa = PBXFileReference; lastKnownFileType = text.plist.xml; path = "iGuardTest-Info.plist"; sourceTree = "<group>"; };
		7E77695B158CEAD300A85901 /* en */ = {isa = PBXFileReference; lastKnownFileType = text.plist.strings; name = en; path = en.lproj/InfoPlist.strings; sourceTree = "<group>"; };
		7E77695D158CEAD300A85901 /* iGuardTest-Prefix.pch */ = {isa = PBXFileReference; lastKnownFileType = sourcecode.c.h; path = "iGuardTest-Prefix.pch"; sourceTree = "<group>"; };
		7E776961158CEBF400A85901 /* IGMacros.h */ = {isa = PBXFileReference; lastKnownFileType = sourcecode.c.h; path = IGMacros.h; sourceTree = "<group>"; };
		7E776962158CEC4200A85901 /* IGDebugger.h */ = {isa = PBXFileReference; lastKnownFileType = sourcecode.c.h; path = IGDebugger.h; sourceTree = "<group>"; };
		7E776963158CEFAF00A85901 /* IGSandbox.h */ = {isa = PBXFileReference; lastKnownFileType = sourcecode.c.h; path = IGSandbox.h; sourceTree = "<group>"; };
		7E776967158CF81400A85901 /* IGObjcWipers.h */ = {isa = PBXFileReference; lastKnownFileType = sourcecode.c.h; path = IGObjcWipers.h; sourceTree = "<group>"; };
/* End PBXFileReference section */

/* Begin PBXFrameworksBuildPhase section */
		7E77694B158CEAD300A85901 /* Frameworks */ = {
			isa = PBXFrameworksBuildPhase;
			buildActionMask = 2147483647;
			files = (
				7E776952158CEAD300A85901 /* Cocoa.framework in Frameworks */,
			);
			runOnlyForDeploymentPostprocessing = 0;
		};
/* End PBXFrameworksBuildPhase section */

/* Begin PBXGroup section */
		7E776936158CEA8500A85901 = {
			isa = PBXGroup;
			children = (
				7E77693F158CEA9100A85901 /* iGuard */,
				7E776957158CEAD300A85901 /* iGuardTest */,
				7E776950158CEAD300A85901 /* Frameworks */,
				7E77694F158CEAD300A85901 /* Products */,
			);
			sourceTree = "<group>";
		};
		7E77693F158CEA9100A85901 /* iGuard */ = {
			isa = PBXGroup;
			children = (
				7E776940158CEA9100A85901 /* .gitignore */,
				7E776949158CEA9100A85901 /* README.md */,
				7E776961158CEBF400A85901 /* IGMacros.h */,
				7E776962158CEC4200A85901 /* IGDebugger.h */,
				7E776963158CEFAF00A85901 /* IGSandbox.h */,
				7E776967158CF81400A85901 /* IGObjcWipers.h */,
			);
			name = iGuard;
			path = ..;
			sourceTree = "<group>";
		};
		7E77694F158CEAD300A85901 /* Products */ = {
			isa = PBXGroup;
			children = (
				7E77694E158CEAD300A85901 /* iGuardTest.bundle */,
			);
			name = Products;
			sourceTree = "<group>";
		};
		7E776950158CEAD300A85901 /* Frameworks */ = {
			isa = PBXGroup;
			children = (
				7E776951158CEAD300A85901 /* Cocoa.framework */,
				7E776953158CEAD300A85901 /* Other Frameworks */,
			);
			name = Frameworks;
			sourceTree = "<group>";
		};
		7E776953158CEAD300A85901 /* Other Frameworks */ = {
			isa = PBXGroup;
			children = (
				7E776954158CEAD300A85901 /* AppKit.framework */,
				7E776955158CEAD300A85901 /* CoreData.framework */,
				7E776956158CEAD300A85901 /* Foundation.framework */,
			);
			name = "Other Frameworks";
			sourceTree = "<group>";
		};
		7E776957158CEAD300A85901 /* iGuardTest */ = {
			isa = PBXGroup;
			children = (
				7E776958158CEAD300A85901 /* Supporting Files */,
			);
			path = iGuardTest;
			sourceTree = "<group>";
		};
		7E776958158CEAD300A85901 /* Supporting Files */ = {
			isa = PBXGroup;
			children = (
				7E776959158CEAD300A85901 /* iGuardTest-Info.plist */,
				7E77695A158CEAD300A85901 /* InfoPlist.strings */,
				7E77695D158CEAD300A85901 /* iGuardTest-Prefix.pch */,
			);
			name = "Supporting Files";
			sourceTree = "<group>";
		};
/* End PBXGroup section */

/* Begin PBXNativeTarget section */
		7E77694D158CEAD300A85901 /* iGuardTest */ = {
			isa = PBXNativeTarget;
			buildConfigurationList = 7E77695E158CEAD300A85901 /* Build configuration list for PBXNativeTarget "iGuardTest" */;
			buildPhases = (
				7E77694A158CEAD300A85901 /* Sources */,
				7E77694B158CEAD300A85901 /* Frameworks */,
				7E77694C158CEAD300A85901 /* Resources */,
			);
			buildRules = (
			);
			dependencies = (
			);
			name = iGuardTest;
			productName = iGuardTest;
			productReference = 7E77694E158CEAD300A85901 /* iGuardTest.bundle */;
			productType = "com.apple.product-type.bundle";
		};
/* End PBXNativeTarget section */

/* Begin PBXProject section */
		7E776938158CEA8500A85901 /* Project object */ = {
			isa = PBXProject;
			attributes = {
				LastUpgradeCheck = 0430;
				ORGANIZATIONNAME = "Embedded Sources";
			};
			buildConfigurationList = 7E77693B158CEA8500A85901 /* Build configuration list for PBXProject "iGuard" */;
			compatibilityVersion = "Xcode 3.2";
			developmentRegion = English;
			hasScannedForEncodings = 0;
			knownRegions = (
				en,
			);
			mainGroup = 7E776936158CEA8500A85901;
			productRefGroup = 7E77694F158CEAD300A85901 /* Products */;
			projectDirPath = "";
			projectRoot = "";
			targets = (
				7E77694D158CEAD300A85901 /* iGuardTest */,
			);
		};
/* End PBXProject section */

/* Begin PBXResourcesBuildPhase section */
		7E77694C158CEAD300A85901 /* Resources */ = {
			isa = PBXResourcesBuildPhase;
			buildActionMask = 2147483647;
			files = (
				7E77695C158CEAD300A85901 /* InfoPlist.strings in Resources */,
			);
			runOnlyForDeploymentPostprocessing = 0;
		};
/* End PBXResourcesBuildPhase section */

/* Begin PBXSourcesBuildPhase section */
		7E77694A158CEAD300A85901 /* Sources */ = {
			isa = PBXSourcesBuildPhase;
			buildActionMask = 2147483647;
			files = (
			);
			runOnlyForDeploymentPostprocessing = 0;
		};
/* End PBXSourcesBuildPhase section */

/* Begin PBXVariantGroup section */
		7E77695A158CEAD300A85901 /* InfoPlist.strings */ = {
			isa = PBXVariantGroup;
			children = (
				7E77695B158CEAD300A85901 /* en */,
			);
			name = InfoPlist.strings;
			sourceTree = "<group>";
		};
/* End PBXVariantGroup section */

/* Begin XCBuildConfiguration section */
		7E77693D158CEA8500A85901 /* Debug */ = {
			isa = XCBuildConfiguration;
			buildSettings = {
			};
			name = Debug;
		};
		7E77693E158CEA8500A85901 /* Release */ = {
			isa = XCBuildConfiguration;
			buildSettings = {
			};
			name = Release;
		};
		7E77695F158CEAD300A85901 /* Debug */ = {
			isa = XCBuildConfiguration;
			buildSettings = {
				ALWAYS_SEARCH_USER_PATHS = NO;
				ARCHS = "$(ARCHS_STANDARD_64_BIT)";
				CLANG_ENABLE_OBJC_ARC = YES;
				COPY_PHASE_STRIP = NO;
				GCC_C_LANGUAGE_STANDARD = gnu99;
				GCC_DYNAMIC_NO_PIC = NO;
				GCC_ENABLE_OBJC_EXCEPTIONS = YES;
				GCC_OPTIMIZATION_LEVEL = 0;
				GCC_PRECOMPILE_PREFIX_HEADER = YES;
				GCC_PREFIX_HEADER = "iGuardTest/iGuardTest-Prefix.pch";
				GCC_PREPROCESSOR_DEFINITIONS = (
					"DEBUG=1",
					"$(inherited)",
				);
				GCC_SYMBOLS_PRIVATE_EXTERN = NO;
				GCC_VERSION = com.apple.compilers.llvm.clang.1_0;
				GCC_WARN_64_TO_32_BIT_CONVERSION = YES;
				GCC_WARN_ABOUT_RETURN_TYPE = YES;
				GCC_WARN_UNINITIALIZED_AUTOS = YES;
				GCC_WARN_UNUSED_VARIABLE = YES;
				INFOPLIST_FILE = "iGuardTest/iGuardTest-Info.plist";
				INSTALL_PATH = "$(LOCAL_LIBRARY_DIR)/Bundles";
				MACOSX_DEPLOYMENT_TARGET = 10.7;
				ONLY_ACTIVE_ARCH = YES;
				PRODUCT_NAME = "$(TARGET_NAME)";
				SDKROOT = macosx;
				WRAPPER_EXTENSION = bundle;
			};
			name = Debug;
		};
		7E776960158CEAD300A85901 /* Release */ = {
			isa = XCBuildConfiguration;
			buildSettings = {
				ALWAYS_SEARCH_USER_PATHS = NO;
				ARCHS = "$(ARCHS_STANDARD_64_BIT)";
				CLANG_ENABLE_OBJC_ARC = YES;
				COPY_PHASE_STRIP = YES;
				DEBUG_INFORMATION_FORMAT = "dwarf-with-dsym";
				GCC_C_LANGUAGE_STANDARD = gnu99;
				GCC_ENABLE_OBJC_EXCEPTIONS = YES;
				GCC_PRECOMPILE_PREFIX_HEADER = YES;
				GCC_PREFIX_HEADER = "iGuardTest/iGuardTest-Prefix.pch";
				GCC_VERSION = com.apple.compilers.llvm.clang.1_0;
				GCC_WARN_64_TO_32_BIT_CONVERSION = YES;
				GCC_WARN_ABOUT_RETURN_TYPE = YES;
				GCC_WARN_UNINITIALIZED_AUTOS = YES;
				GCC_WARN_UNUSED_VARIABLE = YES;
				INFOPLIST_FILE = "iGuardTest/iGuardTest-Info.plist";
				INSTALL_PATH = "$(LOCAL_LIBRARY_DIR)/Bundles";
				MACOSX_DEPLOYMENT_TARGET = 10.7;
				PRODUCT_NAME = "$(TARGET_NAME)";
				SDKROOT = macosx;
				WRAPPER_EXTENSION = bundle;
			};
			name = Release;
		};
/* End XCBuildConfiguration section */

/* Begin XCConfigurationList section */
		7E77693B158CEA8500A85901 /* Build configuration list for PBXProject "iGuard" */ = {
			isa = XCConfigurationList;
			buildConfigurations = (
				7E77693D158CEA8500A85901 /* Debug */,
				7E77693E158CEA8500A85901 /* Release */,
			);
			defaultConfigurationIsVisible = 0;
			defaultConfigurationName = Release;
		};
		7E77695E158CEAD300A85901 /* Build configuration list for PBXNativeTarget "iGuardTest" */ = {
			isa = XCConfigurationList;
			buildConfigurations = (
				7E77695F158CEAD300A85901 /* Debug */,
				7E776960158CEAD300A85901 /* Release */,
			);
			defaultConfigurationIsVisible = 0;
			defaultConfigurationName = Release;
		};
/* End XCConfigurationList section */
	};
	rootObject = 7E776938158CEA8500A85901 /* Project object */;
}
